schema: '2.0'
stages:
  scrape_products:
    cmd: python scrapper.py
    deps:
    - path: scrapper.py
      hash: md5
      md5: 6b5b8ce1915db70e19194926c96d189d
      size: 3714
    outs:
    - path: data/raw/products_raw.json
      hash: md5
      md5: 11ab100d51018a5ea180b44145aae8f0
      size: 249112
